{
    "name": "flexible",
    "version": "1.0.0",
    "lockfileVersion": 1,
    "requires": true,
    "dependencies": {
        "@types/css": {
            "version": "0.0.31",
            "resolved": "http://registry.npm.baidu-int.com/@types%2fcss/-/css-0.0.31.tgz",
            "integrity": "sha512-Xt3xp8o0zueqrdIkAOO5gy5YNs+jYfmIUPeoeKiwrcmCRXuNWkIgR2Ph6vHuVfi1y6c9Tx214EQBWPEkU97djw==",
            "dev": true
        },
        "@types/loader-utils": {
            "version": "2.0.2",
            "resolved": "http://registry.npm.baidu-int.com/@types%2floader-utils/-/loader-utils-2.0.2.tgz",
            "integrity": "sha1-KZncKjMws6wLLqqeATKLNITvERI=",
            "dev": true,
            "requires": {
                "@types/node": "*",
                "@types/webpack": "^4"
            }
        },
        "@types/node": {
            "version": "15.9.0",
            "resolved": "http://registry.npm.baidu-int.com/@types%2fnode/-/node-15.9.0.tgz",
            "integrity": "sha1-C39sM8pWGP4ymp2DK0eLSWTTJag=",
            "dev": true
        },
        "@types/source-list-map": {
            "version": "0.1.2",
            "resolved": "http://registry.npm.baidu-int.com/@types%2fsource-list-map/-/source-list-map-0.1.2.tgz",
            "integrity": "sha512-K5K+yml8LTo9bWJI/rECfIPrGgxdpeNbj+d53lwN4QjW1MCwlkhUms+gtdzigTeUyBr09+u8BwOIY3MXvHdcsA==",
            "dev": true
        },
        "@types/tapable": {
            "version": "1.0.7",
            "resolved": "http://registry.npm.baidu-int.com/@types%2ftapable/-/tapable-1.0.7.tgz",
            "integrity": "sha1-VFFYNC+Uno/Tv9gTIklx7N3D+sQ=",
            "dev": true
        },
        "@types/uglify-js": {
            "version": "3.13.0",
            "resolved": "http://registry.npm.baidu-int.com/@types%2fuglify-js/-/uglify-js-3.13.0.tgz",
            "integrity": "sha1-HK2N8fsLFDxaugjeVxLqnR/3ESQ=",
            "dev": true,
            "requires": {
                "source-map": "^0.6.1"
            }
        },
        "@types/webpack": {
            "version": "4.41.29",
            "resolved": "http://registry.npm.baidu-int.com/@types%2fwebpack/-/webpack-4.41.29.tgz",
            "integrity": "sha1-LmbB3oIjxEA2ZGlBXFCkfZdiV3M=",
            "dev": true,
            "requires": {
                "@types/node": "*",
                "@types/tapable": "^1",
                "@types/uglify-js": "*",
                "@types/webpack-sources": "*",
                "anymatch": "^3.0.0",
                "source-map": "^0.6.0"
            }
        },
        "@types/webpack-sources": {
            "version": "2.1.0",
            "resolved": "http://registry.npm.baidu-int.com/@types%2fwebpack-sources/-/webpack-sources-2.1.0.tgz",
            "integrity": "sha1-iIKwvWLR4M5i8YPQ0Bty5ugujBA=",
            "dev": true,
            "requires": {
                "@types/node": "*",
                "@types/source-list-map": "*",
                "source-map": "^0.7.3"
            },
            "dependencies": {
                "source-map": {
                    "version": "0.7.3",
                    "resolved": "http://registry.npm.baidu-int.com/source-map/-/source-map-0.7.3.tgz",
                    "integrity": "sha512-CkCj6giN3S+n9qrYiBTX5gystlENnRW5jZeNLHpe6aue+SrHcG5VYwujhW9s4dY31mEGsxBDrHR6oI69fTXsaQ==",
                    "dev": true
                }
            }
        },
        "anymatch": {
            "version": "3.1.2",
            "resolved": "http://registry.npm.baidu-int.com/anymatch/-/anymatch-3.1.2.tgz",
            "integrity": "sha1-wFV8CWrzLxBhmPT04qODU343hxY=",
            "dev": true,
            "requires": {
                "normalize-path": "^3.0.0",
                "picomatch": "^2.0.4"
            }
        },
        "atob": {
            "version": "2.1.2",
            "resolved": "http://registry.npm.baidu-int.com/atob/-/atob-2.1.2.tgz",
            "integrity": "sha512-Wm6ukoaOGJi/73p/cl2GvLjTI5JM1k/O14isD73YML8StrH/7/lRFgmg8nICZgD3bZZvjwCGxtMOD3wWNAu8cg=="
        },
        "big.js": {
            "version": "5.2.2",
            "resolved": "http://registry.npm.baidu-int.com/big.js/-/big.js-5.2.2.tgz",
            "integrity": "sha512-vyL2OymJxmarO8gxMr0mhChsO9QGwhynfuu4+MHTAW6czfq9humCB7rKpUjDd9YUiDPU4mzpyupFSvOClAwbmQ=="
        },
        "css": {
            "version": "3.0.0",
            "resolved": "http://registry.npm.baidu-int.com/css/-/css-3.0.0.tgz",
            "integrity": "sha1-REek1Y/dAzZ8UWyp9krjZc7kql0=",
            "requires": {
                "inherits": "^2.0.4",
                "source-map": "^0.6.1",
                "source-map-resolve": "^0.6.0"
            }
        },
        "decode-uri-component": {
            "version": "0.2.0",
            "resolved": "http://registry.npm.baidu-int.com/decode-uri-component/-/decode-uri-component-0.2.0.tgz",
            "integrity": "sha1-6zkTMzRYd1y4TNGh+uBiEGu4dUU="
        },
        "emojis-list": {
            "version": "3.0.0",
            "resolved": "http://registry.npm.baidu-int.com/emojis-list/-/emojis-list-3.0.0.tgz",
            "integrity": "sha512-/kyM18EfinwXZbno9FyUGeFh87KC8HRQBQGildHZbEuRyWFOmv1U10o9BBp8XVZDVNNuQKyIGIu5ZYAAXJ0V2Q=="
        },
        "inherits": {
            "version": "2.0.4",
            "resolved": "http://registry.npm.baidu-int.com/inherits/-/inherits-2.0.4.tgz",
            "integrity": "sha512-k/vGaX4/Yla3WzyMCvTQOXYeIHvqOKtnqBduzTHpzpQZzAskKMhZ2K+EnBiSM9zGSoIFeMpXKxa4dYeZIQqewQ=="
        },
        "json5": {
            "version": "2.2.0",
            "resolved": "http://registry.npm.baidu-int.com/json5/-/json5-2.2.0.tgz",
            "integrity": "sha1-Lf7+cgxrpSXZ69kJlQ8FFTFsiaM=",
            "requires": {
                "minimist": "^1.2.5"
            }
        },
        "loader-utils": {
            "version": "2.0.0",
            "resolved": "http://registry.npm.baidu-int.com/loader-utils/-/loader-utils-2.0.0.tgz",
            "integrity": "sha1-5MrOW4FtQloWa18JfhDNErNgZLA=",
            "requires": {
                "big.js": "^5.2.2",
                "emojis-list": "^3.0.0",
                "json5": "^2.1.2"
            }
        },
        "minimist": {
            "version": "1.2.5",
            "resolved": "http://registry.npm.baidu-int.com/minimist/-/minimist-1.2.5.tgz",
            "integrity": "sha1-Z9ZgFLZqaoqqDAg8X9WN9OTpdgI="
        },
        "normalize-path": {
            "version": "3.0.0",
            "resolved": "http://registry.npm.baidu-int.com/normalize-path/-/normalize-path-3.0.0.tgz",
            "integrity": "sha512-6eZs5Ls3WtCisHWp9S2GUy8dqkpGi4BVSz3GaqiE6ezub0512ESztXUwUB6C6IKbQkY2Pnb/mD4WYojCRwcwLA==",
            "dev": true
        },
        "picomatch": {
            "version": "2.3.0",
            "resolved": "http://registry.npm.baidu-int.com/picomatch/-/picomatch-2.3.0.tgz",
            "integrity": "sha1-8fBh3o9qS/AiiS4tEoI0+5gwKXI=",
            "dev": true
        },
        "safe-require": {
            "version": "1.0.4",
            "resolved": "http://registry.npm.baidu-int.com/safe-require/-/safe-require-1.0.4.tgz",
            "integrity": "sha1-xy4fsoIOMQgOXyb93iUqHL/+CK0="
        },
        "source-map": {
            "version": "0.6.1",
            "resolved": "http://registry.npm.baidu-int.com/source-map/-/source-map-0.6.1.tgz",
            "integrity": "sha1-dHIq8y6WFOnCh6jQu95IteLxomM="
        },
        "source-map-resolve": {
            "version": "0.6.0",
            "resolved": "http://registry.npm.baidu-int.com/source-map-resolve/-/source-map-resolve-0.6.0.tgz",
            "integrity": "sha1-PZ34fiNrU/FtAeWBUPx3EROOXtI=",
            "requires": {
                "atob": "^2.1.2",
                "decode-uri-component": "^0.2.0"
            }
        },
        "typescript": {
            "version": "4.3.2",
            "resolved": "http://registry.npm.baidu-int.com/typescript/-/typescript-4.3.2.tgz",
            "integrity": "sha1-OZqxiqxFgC1vJJjeUFT8u+cWqAU=",
            "dev": true
        },
        "uglify-js": {
            "version": "3.13.8",
            "resolved": "http://registry.npm.baidu-int.com/uglify-js/-/uglify-js-3.13.8.tgz",
            "integrity": "sha1-fC+fJVP2EfP/WSvcGcb7II3GCvs=",
            "dev": true
        }
    }
}
